
Microsoft Visual Studio Solution File, Format Version 12.00
# Visual Studio Version 16
VisualStudioVersion = 16.0.31424.327
MinimumVisualStudioVersion = 10.0.40219.1
Project("{FAE04EC0-301F-11D3-BF4B-00C04F79EFBC}") = "Vog.Domain", "Vog.Domain\Vog.Domain.csproj", "{F2197984-4A2A-4FF5-A984-B4D9E01C1732}"
EndProject
Project("{FAE04EC0-301F-11D3-BF4B-00C04F79EFBC}") = "UserInterface", "UserInterface\UserInterface.csproj", "{90A03EB7-542B-4FBF-91DC-AD664817B174}"
EndProject
Project("{FAE04EC0-301F-11D3-BF4B-00C04F79EFBC}") = "VogCodeChallenge.API", "VogCodeChallenge.API\VogCodeChallenge.API.csproj", "{999FAEDF-7827-4B6C-BEB5-716C1F6A3F8A}"
EndProject
Project("{FAE04EC0-301F-11D3-BF4B-00C04F79EFBC}") = "VogCodeChallenge.ConsoleApp", "VogCodeChallenge.ConsoleApp\VogCodeChallenge.ConsoleApp.csproj", "{26D53A9A-F77C-461F-95A4-833D7EC2B163}"
EndProject
Global
	GlobalSection(SolutionConfigurationPlatforms) = preSolution
		Debug|Any CPU = Debug|Any CPU
		Release|Any CPU = Release|Any CPU
	EndGlobalSection
	GlobalSection(ProjectConfigurationPlatforms) = postSolution
		{F2197984-4A2A-4FF5-A984-B4D9E01C1732}.Debug|Any CPU.ActiveCfg = Debug|Any CPU
		{F2197984-4A2A-4FF5-A984-B4D9E01C1732}.Debug|Any CPU.Build.0 = Debug|Any CPU
		{F2197984-4A2A-4FF5-A984-B4D9E01C1732}.Release|Any CPU.ActiveCfg = Release|Any CPU
		{F2197984-4A2A-4FF5-A984-B4D9E01C1732}.Release|Any CPU.Build.0 = Release|Any CPU
		{90A03EB7-542B-4FBF-91DC-AD664817B174}.Debug|Any CPU.ActiveCfg = Debug|Any CPU
		{90A03EB7-542B-4FBF-91DC-AD664817B174}.Debug|Any CPU.Build.0 = Debug|Any CPU
		{90A03EB7-542B-4FBF-91DC-AD664817B174}.Release|Any CPU.ActiveCfg = Release|Any CPU
		{90A03EB7-542B-4FBF-91DC-AD664817B174}.Release|Any CPU.Build.0 = Release|Any CPU
		{999FAEDF-7827-4B6C-BEB5-716C1F6A3F8A}.Debug|Any CPU.ActiveCfg = Debug|Any CPU
		{999FAEDF-7827-4B6C-BEB5-716C1F6A3F8A}.Debug|Any CPU.Build.0 = Debug|Any CPU
		{999FAEDF-7827-4B6C-BEB5-716C1F6A3F8A}.Release|Any CPU.ActiveCfg = Release|Any CPU
		{999FAEDF-7827-4B6C-BEB5-716C1F6A3F8A}.Release|Any CPU.Build.0 = Release|Any CPU
		{26D53A9A-F77C-461F-95A4-833D7EC2B163}.Debug|Any CPU.ActiveCfg = Debug|Any CPU
		{26D53A9A-F77C-461F-95A4-833D7EC2B163}.Debug|Any CPU.Build.0 = Debug|Any CPU
		{26D53A9A-F77C-461F-95A4-833D7EC2B163}.Release|Any CPU.ActiveCfg = Release|Any CPU
		{26D53A9A-F77C-461F-95A4-833D7EC2B163}.Release|Any CPU.Build.0 = Release|Any CPU
	EndGlobalSection
	GlobalSection(SolutionProperties) = preSolution
		HideSolutionNode = FALSE
	EndGlobalSection
	GlobalSection(ExtensibilityGlobals) = postSolution
		SolutionGuid = {09083517-2788-4196-A240-0E00E2AD7E49}
	EndGlobalSection
EndGlobal
